
Microsoft Visual Studio Solution File, Format Version 12.00
# Visual Studio Version 17
VisualStudioVersion = 17.14.36429.23 d17.14
MinimumVisualStudioVersion = 10.0.40219.1
Project("{FAE04EC0-301F-11D3-BF4B-00C04F79EFBC}") = "Lista1exc3_Myrella", "Lista1exc3_Myrella\Lista1exc3_Myrella.csproj", "{3D24F528-0644-49FD-B2DF-BE72F6BB69B2}"
EndProject
Global
	GlobalSection(SolutionConfigurationPlatforms) = preSolution
		Debug|Any CPU = Debug|Any CPU
		Release|Any CPU = Release|Any CPU
	EndGlobalSection
	GlobalSection(ProjectConfigurationPlatforms) = postSolution
		{3D24F528-0644-49FD-B2DF-BE72F6BB69B2}.Debug|Any CPU.ActiveCfg = Debug|Any CPU
		{3D24F528-0644-49FD-B2DF-BE72F6BB69B2}.Debug|Any CPU.Build.0 = Debug|Any CPU
		{3D24F528-0644-49FD-B2DF-BE72F6BB69B2}.Release|Any CPU.ActiveCfg = Release|Any CPU
		{3D24F528-0644-49FD-B2DF-BE72F6BB69B2}.Release|Any CPU.Build.0 = Release|Any CPU
	EndGlobalSection
	GlobalSection(SolutionProperties) = preSolution
		HideSolutionNode = FALSE
	EndGlobalSection
	GlobalSection(ExtensibilityGlobals) = postSolution
		SolutionGuid = {9A121DE5-0AD2-412C-8BB9-D89F46802E89}
	EndGlobalSection
EndGlobal
