
Microsoft Visual Studio Solution File, Format Version 12.00
# Visual Studio Version 17
VisualStudioVersion = 17.12.35527.113 d17.12
MinimumVisualStudioVersion = 10.0.40219.1
Project("{FAE04EC0-301F-11D3-BF4B-00C04F79EFBC}") = "Lista1exc12_Myrella", "Lista1exc12_Myrella\Lista1exc12_Myrella.csproj", "{C937AC39-DBFA-4504-9454-82F1F79F89E2}"
EndProject
Global
	GlobalSection(SolutionConfigurationPlatforms) = preSolution
		Debug|Any CPU = Debug|Any CPU
		Release|Any CPU = Release|Any CPU
	EndGlobalSection
	GlobalSection(ProjectConfigurationPlatforms) = postSolution
		{C937AC39-DBFA-4504-9454-82F1F79F89E2}.Debug|Any CPU.ActiveCfg = Debug|Any CPU
		{C937AC39-DBFA-4504-9454-82F1F79F89E2}.Debug|Any CPU.Build.0 = Debug|Any CPU
		{C937AC39-DBFA-4504-9454-82F1F79F89E2}.Release|Any CPU.ActiveCfg = Release|Any CPU
		{C937AC39-DBFA-4504-9454-82F1F79F89E2}.Release|Any CPU.Build.0 = Release|Any CPU
	EndGlobalSection
	GlobalSection(SolutionProperties) = preSolution
		HideSolutionNode = FALSE
	EndGlobalSection
EndGlobal
